
Microsoft Visual Studio Solution File, Format Version 12.00
# Visual Studio Version 16
VisualStudioVersion = 16.0.33027.164
MinimumVisualStudioVersion = 10.0.40219.1
Project("{FAE04EC0-301F-11D3-BF4B-00C04F79EFBC}") = "SimpleUnlocker", "SimpleUnlocker\SimpleUnlocker.csproj", "{120B466E-794B-4A7A-8B9F-2F6BF472A124}"
EndProject
Project("{FAE04EC0-301F-11D3-BF4B-00C04F79EFBC}") = "SimpleUnlocker Updater", "SimpleUnlocker Updater\SimpleUnlocker Updater.csproj", "{AFE23CCB-39AE-43BF-B1A9-8F043CECC7E1}"
EndProject
Global
	GlobalSection(SolutionConfigurationPlatforms) = preSolution
		Debug|Any CPU = Debug|Any CPU
		Release|Any CPU = Release|Any CPU
	EndGlobalSection
	GlobalSection(ProjectConfigurationPlatforms) = postSolution
		{120B466E-794B-4A7A-8B9F-2F6BF472A124}.Debug|Any CPU.ActiveCfg = Debug|Any CPU
		{120B466E-794B-4A7A-8B9F-2F6BF472A124}.Debug|Any CPU.Build.0 = Debug|Any CPU
		{120B466E-794B-4A7A-8B9F-2F6BF472A124}.Release|Any CPU.ActiveCfg = Release|Any CPU
		{120B466E-794B-4A7A-8B9F-2F6BF472A124}.Release|Any CPU.Build.0 = Release|Any CPU
		{AFE23CCB-39AE-43BF-B1A9-8F043CECC7E1}.Debug|Any CPU.ActiveCfg = Debug|Any CPU
		{AFE23CCB-39AE-43BF-B1A9-8F043CECC7E1}.Debug|Any CPU.Build.0 = Debug|Any CPU
		{AFE23CCB-39AE-43BF-B1A9-8F043CECC7E1}.Release|Any CPU.ActiveCfg = Release|Any CPU
		{AFE23CCB-39AE-43BF-B1A9-8F043CECC7E1}.Release|Any CPU.Build.0 = Release|Any CPU
	EndGlobalSection
	GlobalSection(SolutionProperties) = preSolution
		HideSolutionNode = FALSE
	EndGlobalSection
	GlobalSection(ExtensibilityGlobals) = postSolution
		SolutionGuid = {A1E61665-C685-4333-974A-7AB20D177BD2}
	EndGlobalSection
EndGlobal
